
Microsoft Visual Studio Solution File, Format Version 12.00
# Visual Studio Version 17
VisualStudioVersion = 17.4.33122.133
MinimumVisualStudioVersion = 10.0.40219.1
Project("{2150E333-8FDC-42A3-9474-1A3956D46DE8}") = "src", "src", "{FBCDEE6D-0A62-4262-A698-F497E5EF9DC2}"
EndProject
Project("{2150E333-8FDC-42A3-9474-1A3956D46DE8}") = "tests", "tests", "{3B032A19-EF37-4E28-A175-CCCD21EDDD51}"
EndProject
Project("{2150E333-8FDC-42A3-9474-1A3956D46DE8}") = "lib", "lib", "{CE1496BE-6E53-445F-8022-6711778A2A08}"
EndProject
Project("{FAE04EC0-301F-11D3-BF4B-00C04F79EFBC}") = "FNA", "lib\FNA\FNA.csproj", "{35253CE1-C864-4CD3-8249-4D1319748E8F}"
EndProject
Project("{9A19103F-16F7-4668-BE54-9A1E7A4F7556}") = "FNATemplate", "src\FNATemplate\FNATemplate.csproj", "{4A22585B-6302-4D5B-BD48-8E2E060CF490}"
EndProject
Project("{FAE04EC0-301F-11D3-BF4B-00C04F79EFBC}") = "FNATemplate.UnitTests", "tests\FNATemplate.UnitTests\FNATemplate.UnitTests.csproj", "{ED05650F-F752-40B2-A6AF-D91D31F644D7}"
EndProject
Global
	GlobalSection(SolutionConfigurationPlatforms) = preSolution
		Debug|Any CPU = Debug|Any CPU
		Debug|x64 = Debug|x64
		Debug|x86 = Debug|x86
		Release|Any CPU = Release|Any CPU
		Release|x64 = Release|x64
		Release|x86 = Release|x86
	EndGlobalSection
	GlobalSection(ProjectConfigurationPlatforms) = postSolution
		{35253CE1-C864-4CD3-8249-4D1319748E8F}.Debug|Any CPU.ActiveCfg = Debug|Any CPU
		{35253CE1-C864-4CD3-8249-4D1319748E8F}.Debug|Any CPU.Build.0 = Debug|Any CPU
		{35253CE1-C864-4CD3-8249-4D1319748E8F}.Debug|x64.ActiveCfg = Debug|x64
		{35253CE1-C864-4CD3-8249-4D1319748E8F}.Debug|x64.Build.0 = Debug|x64
		{35253CE1-C864-4CD3-8249-4D1319748E8F}.Debug|x86.ActiveCfg = Debug|x86
		{35253CE1-C864-4CD3-8249-4D1319748E8F}.Debug|x86.Build.0 = Debug|x86
		{35253CE1-C864-4CD3-8249-4D1319748E8F}.Release|Any CPU.ActiveCfg = Release|Any CPU
		{35253CE1-C864-4CD3-8249-4D1319748E8F}.Release|Any CPU.Build.0 = Release|Any CPU
		{35253CE1-C864-4CD3-8249-4D1319748E8F}.Release|x64.ActiveCfg = Release|x64
		{35253CE1-C864-4CD3-8249-4D1319748E8F}.Release|x64.Build.0 = Release|x64
		{35253CE1-C864-4CD3-8249-4D1319748E8F}.Release|x86.ActiveCfg = Release|x86
		{35253CE1-C864-4CD3-8249-4D1319748E8F}.Release|x86.Build.0 = Release|x86
		{4A22585B-6302-4D5B-BD48-8E2E060CF490}.Debug|Any CPU.ActiveCfg = Debug|Any CPU
		{4A22585B-6302-4D5B-BD48-8E2E060CF490}.Debug|Any CPU.Build.0 = Debug|Any CPU
		{4A22585B-6302-4D5B-BD48-8E2E060CF490}.Debug|x64.ActiveCfg = Debug|Any CPU
		{4A22585B-6302-4D5B-BD48-8E2E060CF490}.Debug|x64.Build.0 = Debug|Any CPU
		{4A22585B-6302-4D5B-BD48-8E2E060CF490}.Debug|x86.ActiveCfg = Debug|Any CPU
		{4A22585B-6302-4D5B-BD48-8E2E060CF490}.Debug|x86.Build.0 = Debug|Any CPU
		{4A22585B-6302-4D5B-BD48-8E2E060CF490}.Release|Any CPU.ActiveCfg = Release|Any CPU
		{4A22585B-6302-4D5B-BD48-8E2E060CF490}.Release|Any CPU.Build.0 = Release|Any CPU
		{4A22585B-6302-4D5B-BD48-8E2E060CF490}.Release|x64.ActiveCfg = Release|Any CPU
		{4A22585B-6302-4D5B-BD48-8E2E060CF490}.Release|x64.Build.0 = Release|Any CPU
		{4A22585B-6302-4D5B-BD48-8E2E060CF490}.Release|x86.ActiveCfg = Release|Any CPU
		{4A22585B-6302-4D5B-BD48-8E2E060CF490}.Release|x86.Build.0 = Release|Any CPU
		{ED05650F-F752-40B2-A6AF-D91D31F644D7}.Debug|Any CPU.ActiveCfg = Debug|Any CPU
		{ED05650F-F752-40B2-A6AF-D91D31F644D7}.Debug|Any CPU.Build.0 = Debug|Any CPU
		{ED05650F-F752-40B2-A6AF-D91D31F644D7}.Debug|x64.ActiveCfg = Debug|Any CPU
		{ED05650F-F752-40B2-A6AF-D91D31F644D7}.Debug|x64.Build.0 = Debug|Any CPU
		{ED05650F-F752-40B2-A6AF-D91D31F644D7}.Debug|x86.ActiveCfg = Debug|Any CPU
		{ED05650F-F752-40B2-A6AF-D91D31F644D7}.Debug|x86.Build.0 = Debug|Any CPU
		{ED05650F-F752-40B2-A6AF-D91D31F644D7}.Release|Any CPU.ActiveCfg = Release|Any CPU
		{ED05650F-F752-40B2-A6AF-D91D31F644D7}.Release|Any CPU.Build.0 = Release|Any CPU
		{ED05650F-F752-40B2-A6AF-D91D31F644D7}.Release|x64.ActiveCfg = Release|Any CPU
		{ED05650F-F752-40B2-A6AF-D91D31F644D7}.Release|x64.Build.0 = Release|Any CPU
		{ED05650F-F752-40B2-A6AF-D91D31F644D7}.Release|x86.ActiveCfg = Release|Any CPU
		{ED05650F-F752-40B2-A6AF-D91D31F644D7}.Release|x86.Build.0 = Release|Any CPU
	EndGlobalSection
	GlobalSection(SolutionProperties) = preSolution
		HideSolutionNode = FALSE
	EndGlobalSection
	GlobalSection(NestedProjects) = preSolution
		{35253CE1-C864-4CD3-8249-4D1319748E8F} = {CE1496BE-6E53-445F-8022-6711778A2A08}
		{4A22585B-6302-4D5B-BD48-8E2E060CF490} = {FBCDEE6D-0A62-4262-A698-F497E5EF9DC2}
		{ED05650F-F752-40B2-A6AF-D91D31F644D7} = {3B032A19-EF37-4E28-A175-CCCD21EDDD51}
	EndGlobalSection
	GlobalSection(ExtensibilityGlobals) = postSolution
		SolutionGuid = {4F51D9AE-7AFA-4C8C-97D0-3D0D6A4918F3}
	EndGlobalSection
EndGlobal
